<?xml version="1.0" encoding="UTF-8" standalone="yes" ?>
<CodeBlocks_project_file>
	<FileVersion major="1" minor="6" />
	<Project>
		<Option title="RetroRPG" />
		<Option pch_mode="2" />
		<Option compiler="gcc" />
		<Build>
			<Target title="Debug">
				<Option output="bin/Debug/RetroRPG" prefix_auto="1" extension_auto="1" />
				<Option object_output="obj/Debug/" />
				<Option type="1" />
				<Option compiler="gcc" />
				<Compiler>
					<Add option="-g" />
				</Compiler>
			</Target>
			<Target title="Release">
				<Option output="bin/Release/RetroRPG" prefix_auto="1" extension_auto="1" />
				<Option object_output="obj/Release/" />
				<Option type="0" />
				<Option compiler="gcc" />
				<Compiler>
					<Add option="-O2" />
				</Compiler>
				<Linker>
					<Add option="-s" />
				</Linker>
			</Target>
		</Build>
		<Compiler>
			<Add option="-Wall" />
			<Add directory="C:/SDL-1.2.15/include" />
		</Compiler>
		<Linker>
			<Add library="mingw32" />
			<Add library="SDLmain" />
			<Add library="SDL.dll" />
			<Add library="user32" />
			<Add library="gdi32" />
			<Add library="winmm" />
			<Add library="dxguid" />
			<Add library="SDL_image" />
			<Add library="SDL_mixer" />
			<Add library="SDL_ttf" />
			<Add directory="C:/SDL-1.2.15/lib" />
		</Linker>
		<Unit filename="include/Alarm.h" />
		<Unit filename="include/Asset.h" />
		<Unit filename="include/Button.h" />
		<Unit filename="include/Camera.h" />
		<Unit filename="include/CheckBox.h" />
		<Unit filename="include/DataFile.h" />
		<Unit filename="include/DropDownBox.h" />
		<Unit filename="include/DropDownList.h" />
		<Unit filename="include/EditState.h" />
		<Unit filename="include/Emitter.h" />
		<Unit filename="include/EventHandler.h" />
		<Unit filename="include/Font.h" />
		<Unit filename="include/GameEvent.h" />
		<Unit filename="include/GameInstance.h" />
		<Unit filename="include/GameState.h" />
		<Unit filename="include/Graphics.h" />
		<Unit filename="include/Image.h" />
		<Unit filename="include/Label.h" />
		<Unit filename="include/Log.h" />
		<Unit filename="include/Map.h" />
		<Unit filename="include/MenuState.h" />
		<Unit filename="include/ObjNPC.h" />
		<Unit filename="include/Object.h" />
		<Unit filename="include/Panel.h" />
		<Unit filename="include/PlayState.h" />
		<Unit filename="include/Player.h" />
		<Unit filename="include/PopupPanel.h" />
		<Unit filename="include/PosObj.h" />
		<Unit filename="include/Sprite.h" />
		<Unit filename="include/StartUpState.h" />
		<Unit filename="include/TextBox.h" />
		<Unit filename="include/TextWindow.h" />
		<Unit filename="include/Tilesheet.h" />
		<Unit filename="include/Timer.h" />
		<Unit filename="include/Tooltip.h" />
		<Unit filename="include/Vector2D.h" />
		<Unit filename="include/basic_func.h" />
		<Unit filename="include/string_func.h" />
		<Unit filename="main.cpp" />
		<Unit filename="src/Alarm.cpp" />
		<Unit filename="src/Asset.cpp" />
		<Unit filename="src/Button.cpp" />
		<Unit filename="src/Camera.cpp" />
		<Unit filename="src/CheckBox.cpp" />
		<Unit filename="src/DataFile.cpp" />
		<Unit filename="src/DropDownBox.cpp" />
		<Unit filename="src/DropDownList.cpp" />
		<Unit filename="src/EditState.cpp" />
		<Unit filename="src/Emitter.cpp" />
		<Unit filename="src/Font.cpp" />
		<Unit filename="src/GameEvent.cpp" />
		<Unit filename="src/GameInstance.cpp" />
		<Unit filename="src/GameState.cpp" />
		<Unit filename="src/Graphics.cpp" />
		<Unit filename="src/Image.cpp" />
		<Unit filename="src/Label.cpp" />
		<Unit filename="src/Log.cpp" />
		<Unit filename="src/Map.cpp" />
		<Unit filename="src/MenuState.cpp" />
		<Unit filename="src/ObjNPC.cpp" />
		<Unit filename="src/Object.cpp" />
		<Unit filename="src/Panel.cpp" />
		<Unit filename="src/PlayState.cpp" />
		<Unit filename="src/Player.cpp" />
		<Unit filename="src/PopupPanel.cpp" />
		<Unit filename="src/PosObj.cpp" />
		<Unit filename="src/Sprite.cpp" />
		<Unit filename="src/StartUpState.cpp" />
		<Unit filename="src/TextBox.cpp" />
		<Unit filename="src/TextWindow.cpp" />
		<Unit filename="src/Tilesheet.cpp" />
		<Unit filename="src/Timer.cpp" />
		<Unit filename="src/Tooltip.cpp" />
		<Unit filename="src/Vector2D.cpp" />
		<Extensions>
			<code_completion />
			<envvars />
			<debugger />
			<lib_finder disable_auto="1" />
		</Extensions>
	</Project>
</CodeBlocks_project_file>
